
Microsoft Visual Studio Solution File, Format Version 12.00
# Visual Studio 14
VisualStudioVersion = 14.0.25420.1
MinimumVisualStudioVersion = 10.0.40219.1
Project("{2150E333-8FDC-42A3-9474-1A3956D46DE8}") = "Unit 1 - Hello World", "Unit 1 - Hello World", "{C1DD2834-D1CD-40F0-9F5E-FFF895489301}"
EndProject
Project("{FAE04EC0-301F-11D3-BF4B-00C04F79EFBC}") = "Hello_World", "Hello_World\Hello_World.csproj", "{A9B88379-1418-4CAD-9B46-B22908BE0F47}"
EndProject
Project("{FAE04EC0-301F-11D3-BF4B-00C04F79EFBC}") = "Receive", "Receive\Receive.csproj", "{842094A2-E818-4374-86E6-7CDC91D066B1}"
EndProject
Project("{2150E333-8FDC-42A3-9474-1A3956D46DE8}") = "Unit 2 - Work queues", "Unit 2 - Work queues", "{B4AFD89D-CE62-433B-988B-9C19B99A7343}"
EndProject
Project("{FAE04EC0-301F-11D3-BF4B-00C04F79EFBC}") = "NewTask", "NewTask\NewTask.csproj", "{5D4F961E-41AE-4300-AF04-6B15B1224B2A}"
EndProject
Project("{FAE04EC0-301F-11D3-BF4B-00C04F79EFBC}") = "Worker", "Worker\Worker.csproj", "{E49FF3CA-83E1-4B23-B95D-D3B951368309}"
EndProject
Project("{2150E333-8FDC-42A3-9474-1A3956D46DE8}") = "Unit 3 - Suscriber UnSuscriber", "Unit 3 - Suscriber UnSuscriber", "{67950B9B-4F0E-4DC4-A6BF-19F5CF0DAB76}"
EndProject
Project("{FAE04EC0-301F-11D3-BF4B-00C04F79EFBC}") = "EmitLog", "Suscriber\EmitLog.csproj", "{34A7443C-84CB-413E-BA5F-CF7EEEB80466}"
EndProject
Project("{FAE04EC0-301F-11D3-BF4B-00C04F79EFBC}") = "ReceiveLogs", "UnSuscriber\ReceiveLogs.csproj", "{76C39D16-7928-494B-A6B0-695233F0563E}"
EndProject
Project("{2150E333-8FDC-42A3-9474-1A3956D46DE8}") = "Unit 4 - Exchange and Direct Queue", "Unit 4 - Exchange and Direct Queue", "{3E673F08-3DC4-4380-A6C7-F763B4B01A03}"
EndProject
Project("{FAE04EC0-301F-11D3-BF4B-00C04F79EFBC}") = "EmitLogDirect", "EmitLogDirect\EmitLogDirect.csproj", "{7EE7A9BF-2627-4355-A9E4-B77185EF7897}"
EndProject
Project("{FAE04EC0-301F-11D3-BF4B-00C04F79EFBC}") = "ReceiveLogsDirect", "ReceiveLogsDirect\ReceiveLogsDirect.csproj", "{AC9EA29D-1034-4A73-9BB8-7791DE322735}"
EndProject
Project("{2150E333-8FDC-42A3-9474-1A3956D46DE8}") = "Unit 5- Topics", "Unit 5- Topics", "{F177B17B-99AB-493E-95CE-E576796A3AAE}"
EndProject
Project("{FAE04EC0-301F-11D3-BF4B-00C04F79EFBC}") = "EmitLogTopic", "EmitLogTopic\EmitLogTopic.csproj", "{3D9DB979-F5A1-459A-8F01-9E7FA53326D4}"
EndProject
Project("{FAE04EC0-301F-11D3-BF4B-00C04F79EFBC}") = "ReceiveLogsTopic", "ReceiveLogsTopic\ReceiveLogsTopic.csproj", "{C4C8A3B9-7BED-4337-8F5B-59902124782E}"
EndProject
Global
	GlobalSection(SolutionConfigurationPlatforms) = preSolution
		Debug|Any CPU = Debug|Any CPU
		Release|Any CPU = Release|Any CPU
	EndGlobalSection
	GlobalSection(ProjectConfigurationPlatforms) = postSolution
		{A9B88379-1418-4CAD-9B46-B22908BE0F47}.Debug|Any CPU.ActiveCfg = Debug|Any CPU
		{A9B88379-1418-4CAD-9B46-B22908BE0F47}.Debug|Any CPU.Build.0 = Debug|Any CPU
		{A9B88379-1418-4CAD-9B46-B22908BE0F47}.Release|Any CPU.ActiveCfg = Release|Any CPU
		{A9B88379-1418-4CAD-9B46-B22908BE0F47}.Release|Any CPU.Build.0 = Release|Any CPU
		{842094A2-E818-4374-86E6-7CDC91D066B1}.Debug|Any CPU.ActiveCfg = Debug|Any CPU
		{842094A2-E818-4374-86E6-7CDC91D066B1}.Debug|Any CPU.Build.0 = Debug|Any CPU
		{842094A2-E818-4374-86E6-7CDC91D066B1}.Release|Any CPU.ActiveCfg = Release|Any CPU
		{842094A2-E818-4374-86E6-7CDC91D066B1}.Release|Any CPU.Build.0 = Release|Any CPU
		{5D4F961E-41AE-4300-AF04-6B15B1224B2A}.Debug|Any CPU.ActiveCfg = Debug|Any CPU
		{5D4F961E-41AE-4300-AF04-6B15B1224B2A}.Debug|Any CPU.Build.0 = Debug|Any CPU
		{5D4F961E-41AE-4300-AF04-6B15B1224B2A}.Release|Any CPU.ActiveCfg = Release|Any CPU
		{5D4F961E-41AE-4300-AF04-6B15B1224B2A}.Release|Any CPU.Build.0 = Release|Any CPU
		{E49FF3CA-83E1-4B23-B95D-D3B951368309}.Debug|Any CPU.ActiveCfg = Debug|Any CPU
		{E49FF3CA-83E1-4B23-B95D-D3B951368309}.Debug|Any CPU.Build.0 = Debug|Any CPU
		{E49FF3CA-83E1-4B23-B95D-D3B951368309}.Release|Any CPU.ActiveCfg = Release|Any CPU
		{E49FF3CA-83E1-4B23-B95D-D3B951368309}.Release|Any CPU.Build.0 = Release|Any CPU
		{34A7443C-84CB-413E-BA5F-CF7EEEB80466}.Debug|Any CPU.ActiveCfg = Debug|Any CPU
		{34A7443C-84CB-413E-BA5F-CF7EEEB80466}.Debug|Any CPU.Build.0 = Debug|Any CPU
		{34A7443C-84CB-413E-BA5F-CF7EEEB80466}.Release|Any CPU.ActiveCfg = Release|Any CPU
		{34A7443C-84CB-413E-BA5F-CF7EEEB80466}.Release|Any CPU.Build.0 = Release|Any CPU
		{76C39D16-7928-494B-A6B0-695233F0563E}.Debug|Any CPU.ActiveCfg = Debug|Any CPU
		{76C39D16-7928-494B-A6B0-695233F0563E}.Debug|Any CPU.Build.0 = Debug|Any CPU
		{76C39D16-7928-494B-A6B0-695233F0563E}.Release|Any CPU.ActiveCfg = Release|Any CPU
		{76C39D16-7928-494B-A6B0-695233F0563E}.Release|Any CPU.Build.0 = Release|Any CPU
		{7EE7A9BF-2627-4355-A9E4-B77185EF7897}.Debug|Any CPU.ActiveCfg = Debug|Any CPU
		{7EE7A9BF-2627-4355-A9E4-B77185EF7897}.Debug|Any CPU.Build.0 = Debug|Any CPU
		{7EE7A9BF-2627-4355-A9E4-B77185EF7897}.Release|Any CPU.ActiveCfg = Release|Any CPU
		{7EE7A9BF-2627-4355-A9E4-B77185EF7897}.Release|Any CPU.Build.0 = Release|Any CPU
		{AC9EA29D-1034-4A73-9BB8-7791DE322735}.Debug|Any CPU.ActiveCfg = Debug|Any CPU
		{AC9EA29D-1034-4A73-9BB8-7791DE322735}.Debug|Any CPU.Build.0 = Debug|Any CPU
		{AC9EA29D-1034-4A73-9BB8-7791DE322735}.Release|Any CPU.ActiveCfg = Release|Any CPU
		{AC9EA29D-1034-4A73-9BB8-7791DE322735}.Release|Any CPU.Build.0 = Release|Any CPU
		{3D9DB979-F5A1-459A-8F01-9E7FA53326D4}.Debug|Any CPU.ActiveCfg = Debug|Any CPU
		{3D9DB979-F5A1-459A-8F01-9E7FA53326D4}.Debug|Any CPU.Build.0 = Debug|Any CPU
		{3D9DB979-F5A1-459A-8F01-9E7FA53326D4}.Release|Any CPU.ActiveCfg = Release|Any CPU
		{3D9DB979-F5A1-459A-8F01-9E7FA53326D4}.Release|Any CPU.Build.0 = Release|Any CPU
		{C4C8A3B9-7BED-4337-8F5B-59902124782E}.Debug|Any CPU.ActiveCfg = Debug|Any CPU
		{C4C8A3B9-7BED-4337-8F5B-59902124782E}.Debug|Any CPU.Build.0 = Debug|Any CPU
		{C4C8A3B9-7BED-4337-8F5B-59902124782E}.Release|Any CPU.ActiveCfg = Release|Any CPU
		{C4C8A3B9-7BED-4337-8F5B-59902124782E}.Release|Any CPU.Build.0 = Release|Any CPU
	EndGlobalSection
	GlobalSection(SolutionProperties) = preSolution
		HideSolutionNode = FALSE
	EndGlobalSection
	GlobalSection(NestedProjects) = preSolution
		{A9B88379-1418-4CAD-9B46-B22908BE0F47} = {C1DD2834-D1CD-40F0-9F5E-FFF895489301}
		{842094A2-E818-4374-86E6-7CDC91D066B1} = {C1DD2834-D1CD-40F0-9F5E-FFF895489301}
		{5D4F961E-41AE-4300-AF04-6B15B1224B2A} = {B4AFD89D-CE62-433B-988B-9C19B99A7343}
		{E49FF3CA-83E1-4B23-B95D-D3B951368309} = {B4AFD89D-CE62-433B-988B-9C19B99A7343}
		{34A7443C-84CB-413E-BA5F-CF7EEEB80466} = {67950B9B-4F0E-4DC4-A6BF-19F5CF0DAB76}
		{76C39D16-7928-494B-A6B0-695233F0563E} = {67950B9B-4F0E-4DC4-A6BF-19F5CF0DAB76}
		{7EE7A9BF-2627-4355-A9E4-B77185EF7897} = {3E673F08-3DC4-4380-A6C7-F763B4B01A03}
		{AC9EA29D-1034-4A73-9BB8-7791DE322735} = {3E673F08-3DC4-4380-A6C7-F763B4B01A03}
		{3D9DB979-F5A1-459A-8F01-9E7FA53326D4} = {F177B17B-99AB-493E-95CE-E576796A3AAE}
		{C4C8A3B9-7BED-4337-8F5B-59902124782E} = {F177B17B-99AB-493E-95CE-E576796A3AAE}
	EndGlobalSection
EndGlobal
